
# cargo-vet imports lock

[[publisher.cranelift-assembler-x64]]
version = "0.135.4"
when = "2026-10-02"
trusted-publisher = "github:bytecodealliance/wasmtime"

[[publisher.cranelift-assembler-x64-meta]]
version = "0.135.4"
when = "2026-10-02"
trusted-publisher = "github:bytecodealliance/wasmtime"

[[publisher.cranelift-bforest]]
version = "0.135.4"
when = "2026-10-02"
trusted-publisher = "github:bytecodealliance/wasmtime"

[[publisher.cranelift-bitset]]
version = "0.135.4"
when = "2026-10-02"
trusted-publisher = "github:bytecodealliance/wasmtime"

[[publisher.cranelift-codegen]]
version = "0.135.4"
when = "2026-10-02"
trusted-publisher = "github:bytecodealliance/wasmtime"

[[publisher.cranelift-codegen-meta]]
version = "0.135.4"
when = "2026-10-02"
trusted-publisher = "github:bytecodealliance/wasmtime"

[[publisher.cranelift-codegen-shared]]
version = "0.135.4"
when = "2026-10-02"
trusted-publisher = "github:bytecodealliance/wasmtime"

[[publisher.cranelift-control]]
version = "0.135.4"
when = "2026-10-02"
trusted-publisher = "github:bytecodealliance/wasmtime"

[[publisher.cranelift-entity]]
version = "0.135.4"
when = "2026-10-02"
trusted-publisher = "github:bytecodealliance/wasmtime"

[[publisher.cranelift-frontend]]
version = "0.135.4"
when = "2026-10-02"
trusted-publisher = "github:bytecodealliance/wasmtime"

[[publisher.cranelift-isle]]
version = "0.135.4"
when = "2026-10-02"
trusted-publisher = "github:bytecodealliance/wasmtime"

[[publisher.cranelift-native]]
version = "0.135.4"
when = "2026-10-02"
trusted-publisher = "github:bytecodealliance/wasmtime"

[[publisher.cranelift-srcgen]]
version = "0.135.4"
when = "2026-10-02"
trusted-publisher = "github:bytecodealliance/wasmtime"

[[publisher.pulley-interpreter]]
version = "48.0.4"
when = "2026-10-02"
trusted-publisher = "github:bytecodealliance/wasmtime"

[[publisher.pulley-macros]]
version = "48.0.4"
when = "2026-10-02"
trusted-publisher = "github:bytecodealliance/wasmtime"

[[publisher.wasm-encoder]]
version = "0.254.2"
when = "2026-10-02"
trusted-publisher = "github:bytecodealliance/wasm-tools"

[[publisher.wasm-metadata]]
version = "0.254.2"
when = "2026-10-02"
trusted-publisher = "github:bytecodealliance/wasm-tools"

[[publisher.wasmparser]]
version = "0.254.2"
when = "2026-10-02"
trusted-publisher = "github:bytecodealliance/wasm-tools"

[[publisher.wasmprinter]]
version = "0.254.2"
when = "2026-10-02"
trusted-publisher = "github:bytecodealliance/wasm-tools"

[[publisher.wasmtime]]
version = "48.0.4"
when = "2026-10-02"
trusted-publisher = "github:bytecodealliance/wasmtime"

[[publisher.wasmtime-environ]]
version = "48.0.4"
when = "2026-10-02"
trusted-publisher = "github:bytecodealliance/wasmtime"

[[publisher.wasmtime-internal-component-macro]]
version = "48.0.4"
when = "2026-10-02"
trusted-publisher = "github:bytecodealliance/wasmtime"

[[publisher.wasmtime-internal-component-util]]
version = "48.0.4"
when = "2026-10-02"
trusted-publisher = "github:bytecodealliance/wasmtime"

[[publisher.wasmtime-internal-core]]
version = "48.0.4"
when = "2026-10-02"
trusted-publisher = "github:bytecodealliance/wasmtime"

[[publisher.wasmtime-internal-cranelift]]
version = "48.0.4"
when = "2026-10-02"
trusted-publisher = "github:bytecodealliance/wasmtime"

[[publisher.wasmtime-internal-fiber]]
version = "48.0.4"
when = "2026-10-02"
trusted-publisher = "github:bytecodealliance/wasmtime"

[[publisher.wasmtime-internal-jit-debug]]
version = "48.0.4"
when = "2026-10-02"
trusted-publisher = "github:bytecodealliance/wasmtime"

[[publisher.wasmtime-internal-jit-icache-coherence]]
version = "48.0.4"
when = "2026-10-02"
trusted-publisher = "github:bytecodealliance/wasmtime"

[[publisher.wasmtime-internal-unwinder]]
version = "48.0.4"
when = "2026-10-02"
trusted-publisher = "github:bytecodealliance/wasmtime"

[[publisher.wasmtime-internal-versioned-export-macros]]
version = "48.0.4"
when = "2026-10-02"
trusted-publisher = "github:bytecodealliance/wasmtime"

[[publisher.wasmtime-internal-wit-bindgen]]
version = "48.0.4"
when = "2026-10-02"
trusted-publisher = "github:bytecodealliance/wasmtime"

[[publisher.wast]]
version = "254.0.2"
when = "2026-10-02"
trusted-publisher = "github:bytecodealliance/wasm-tools"

[[publisher.wat]]
version = "1.254.2"
when = "2026-10-02"
trusted-publisher = "github:bytecodealliance/wasm-tools"

[[publisher.wit-component]]
version = "0.254.2"
when = "2026-10-02"
trusted-publisher = "github:bytecodealliance/wasm-tools"

[[publisher.wit-parser]]
version = "0.254.2"
when = "2026-10-02"
trusted-publisher = "github:bytecodealliance/wasm-tools"

[[audits.bytecode-alliance.wildcard-audits.cranelift-assembler-x64]]
who = "Alex Crichton <alex@alexcrichton.com>"
criteria = "safe-to-deploy"
trusted-publisher = "github:bytecodealliance/wasmtime"
start = "2026-01-07"
end = "2027-01-08"
notes = "The Bytecode Alliance is the author of this crate"

[[audits.bytecode-alliance.wildcard-audits.cranelift-assembler-x64-meta]]
who = "Alex Crichton <alex@alexcrichton.com>"
criteria = "safe-to-deploy"
trusted-publisher = "github:bytecodealliance/wasmtime"
start = "2026-01-07"
end = "2027-01-08"
notes = "The Bytecode Alliance is the author of this crate"

[[audits.bytecode-alliance.wildcard-audits.cranelift-bforest]]
who = "Alex Crichton <alex@alexcrichton.com>"
criteria = "safe-to-deploy"
trusted-publisher = "github:bytecodealliance/wasmtime"
start = "2026-01-07"
end = "2027-01-08"
notes = "The Bytecode Alliance is the author of this crate"

[[audits.bytecode-alliance.wildcard-audits.cranelift-bitset]]
who = "Alex Crichton <alex@alexcrichton.com>"
criteria = "safe-to-deploy"
trusted-publisher = "github:bytecodealliance/wasmtime"
start = "2026-01-07"
end = "2027-01-08"
notes = "The Bytecode Alliance is the author of this crate"

[[audits.bytecode-alliance.wildcard-audits.cranelift-codegen]]
who = "Alex Crichton <alex@alexcrichton.com>"
criteria = "safe-to-deploy"
trusted-publisher = "github:bytecodealliance/wasmtime"
start = "2026-01-07"
end = "2027-01-08"
notes = "The Bytecode Alliance is the author of this crate"

[[audits.bytecode-alliance.wildcard-audits.cranelift-codegen-meta]]
who = "Alex Crichton <alex@alexcrichton.com>"
criteria = "safe-to-deploy"
trusted-publisher = "github:bytecodealliance/wasmtime"
start = "2026-01-07"
end = "2027-01-08"
notes = "The Bytecode Alliance is the author of this crate"

[[audits.bytecode-alliance.wildcard-audits.cranelift-codegen-shared]]
who = "Alex Crichton <alex@alexcrichton.com>"
criteria = "safe-to-deploy"
trusted-publisher = "github:bytecodealliance/wasmtime"
start = "2026-01-07"
end = "2027-01-08"
notes = "The Bytecode Alliance is the author of this crate"

[[audits.bytecode-alliance.wildcard-audits.cranelift-control]]
who = "Alex Crichton <alex@alexcrichton.com>"
criteria = "safe-to-deploy"
trusted-publisher = "github:bytecodealliance/wasmtime"
start = "2026-01-07"
end = "2027-01-08"
notes = "The Bytecode Alliance is the author of this crate"

[[audits.bytecode-alliance.wildcard-audits.cranelift-entity]]
who = "Alex Crichton <alex@alexcrichton.com>"
criteria = "safe-to-deploy"
trusted-publisher = "github:bytecodealliance/wasmtime"
start = "2026-01-07"
end = "2027-01-08"
notes = "The Bytecode Alliance is the author of this crate"

[[audits.bytecode-alliance.wildcard-audits.cranelift-frontend]]
who = "Alex Crichton <alex@alexcrichton.com>"
criteria = "safe-to-deploy"
trusted-publisher = "github:bytecodealliance/wasmtime"
start = "2026-01-07"
end = "2027-01-08"
notes = "The Bytecode Alliance is the author of this crate"

[[audits.bytecode-alliance.wildcard-audits.cranelift-isle]]
who = "Alex Crichton <alex@alexcrichton.com>"
criteria = "safe-to-deploy"
trusted-publisher = "github:bytecodealliance/wasmtime"
start = "2026-01-07"
end = "2027-01-08"
notes = "The Bytecode Alliance is the author of this crate"

[[audits.bytecode-alliance.wildcard-audits.cranelift-native]]
who = "Alex Crichton <alex@alexcrichton.com>"
criteria = "safe-to-deploy"
trusted-publisher = "github:bytecodealliance/wasmtime"
start = "2026-01-07"
end = "2027-01-08"
notes = "The Bytecode Alliance is the author of this crate"

[[audits.bytecode-alliance.wildcard-audits.cranelift-srcgen]]
who = "Alex Crichton <alex@alexcrichton.com>"
criteria = "safe-to-deploy"
trusted-publisher = "github:bytecodealliance/wasmtime"
start = "2026-01-07"
end = "2027-01-08"
notes = "The Bytecode Alliance is the author of this crate"

[[audits.bytecode-alliance.wildcard-audits.pulley-interpreter]]
who = "Alex Crichton <alex@alexcrichton.com>"
criteria = "safe-to-deploy"
trusted-publisher = "github:bytecodealliance/wasmtime"
start = "2026-01-07"
end = "2027-01-08"
notes = "The Bytecode Alliance is the author of this crate"

[[audits.bytecode-alliance.wildcard-audits.pulley-macros]]
who = "Alex Crichton <alex@alexcrichton.com>"
criteria = "safe-to-deploy"
trusted-publisher = "github:bytecodealliance/wasmtime"
start = "2026-01-07"
end = "2027-01-08"
notes = "The Bytecode Alliance is the author of this crate"

[[audits.bytecode-alliance.wildcard-audits.wasm-encoder]]
who = "Alex Crichton <alex@alexcrichton.com>"
criteria = "safe-to-deploy"
trusted-publisher = "github:bytecodealliance/wasm-tools"
start = "2025-08-14"
end = "2027-01-08"
notes = "The Bytecode Alliance is the author of this crate"

[[audits.bytecode-alliance.wildcard-audits.wasm-metadata]]
who = "Alex Crichton <alex@alexcrichton.com>"
criteria = "safe-to-deploy"
trusted-publisher = "github:bytecodealliance/wasm-tools"
start = "2026-02-10"
end = "2027-01-08"
notes = "The Bytecode Alliance is the author of this crate"

[[audits.bytecode-alliance.wildcard-audits.wasmparser]]
who = "Alex Crichton <alex@alexcrichton.com>"
criteria = "safe-to-deploy"
trusted-publisher = "github:bytecodealliance/wasm-tools"
start = "2025-08-14"
end = "2027-01-08"
notes = "The Bytecode Alliance is the author of this crate"

[[audits.bytecode-alliance.wildcard-audits.wasmprinter]]
who = "Alex Crichton <alex@alexcrichton.com>"
criteria = "safe-to-deploy"
trusted-publisher = "github:bytecodealliance/wasm-tools"
start = "2025-08-14"
end = "2027-01-08"
notes = "The Bytecode Alliance is the author of this crate"

[[audits.bytecode-alliance.wildcard-audits.wasmtime]]
who = "Alex Crichton <alex@alexcrichton.com>"
criteria = "safe-to-deploy"
trusted-publisher = "github:bytecodealliance/wasmtime"
start = "2026-01-07"
end = "2027-01-08"
notes = "The Bytecode Alliance is the author of this crate"

[[audits.bytecode-alliance.wildcard-audits.wasmtime-environ]]
who = "Alex Crichton <alex@alexcrichton.com>"
criteria = "safe-to-deploy"
trusted-publisher = "github:bytecodealliance/wasmtime"
start = "2026-01-07"
end = "2027-01-08"
notes = "The Bytecode Alliance is the author of this crate"

[[audits.bytecode-alliance.wildcard-audits.wasmtime-internal-component-macro]]
who = "Alex Crichton <alex@alexcrichton.com>"
criteria = "safe-to-deploy"
trusted-publisher = "github:bytecodealliance/wasmtime"
start = "2026-01-07"
end = "2027-01-08"
notes = "The Bytecode Alliance is the author of this crate"

[[audits.bytecode-alliance.wildcard-audits.wasmtime-internal-component-util]]
who = "Alex Crichton <alex@alexcrichton.com>"
criteria = "safe-to-deploy"
trusted-publisher = "github:bytecodealliance/wasmtime"
start = "2026-01-07"
end = "2027-01-08"
notes = "The Bytecode Alliance is the author of this crate"

[[audits.bytecode-alliance.wildcard-audits.wasmtime-internal-core]]
who = "Alex Crichton <alex@alexcrichton.com>"
criteria = "safe-to-deploy"
trusted-publisher = "github:bytecodealliance/wasmtime"
start = "2026-01-07"
end = "2027-01-08"
notes = "The Bytecode Alliance is the author of this crate"

[[audits.bytecode-alliance.wildcard-audits.wasmtime-internal-cranelift]]
who = "Alex Crichton <alex@alexcrichton.com>"
criteria = "safe-to-deploy"
trusted-publisher = "github:bytecodealliance/wasmtime"
start = "2026-01-07"
end = "2027-01-08"
notes = "The Bytecode Alliance is the author of this crate"

[[audits.bytecode-alliance.wildcard-audits.wasmtime-internal-fiber]]
who = "Alex Crichton <alex@alexcrichton.com>"
criteria = "safe-to-deploy"
trusted-publisher = "github:bytecodealliance/wasmtime"
start = "2026-01-07"
end = "2027-01-08"
notes = "The Bytecode Alliance is the author of this crate"

[[audits.bytecode-alliance.wildcard-audits.wasmtime-internal-jit-debug]]
who = "Alex Crichton <alex@alexcrichton.com>"
criteria = "safe-to-deploy"
trusted-publisher = "github:bytecodealliance/wasmtime"
start = "2026-01-07"
end = "2027-01-08"
notes = "The Bytecode Alliance is the author of this crate"

[[audits.bytecode-alliance.wildcard-audits.wasmtime-internal-jit-icache-coherence]]
who = "Alex Crichton <alex@alexcrichton.com>"
criteria = "safe-to-deploy"
trusted-publisher = "github:bytecodealliance/wasmtime"
start = "2026-01-07"
end = "2027-01-08"
notes = "The Bytecode Alliance is the author of this crate"

[[audits.bytecode-alliance.wildcard-audits.wasmtime-internal-unwinder]]
who = "Alex Crichton <alex@alexcrichton.com>"
criteria = "safe-to-deploy"
trusted-publisher = "github:bytecodealliance/wasmtime"
start = "2026-01-07"
end = "2027-01-08"
notes = "The Bytecode Alliance is the author of this crate"

[[audits.bytecode-alliance.wildcard-audits.wasmtime-internal-versioned-export-macros]]
who = "Alex Crichton <alex@alexcrichton.com>"
criteria = "safe-to-deploy"
trusted-publisher = "github:bytecodealliance/wasmtime"
start = "2026-01-07"
end = "2027-01-08"
notes = "The Bytecode Alliance is the author of this crate"

[[audits.bytecode-alliance.wildcard-audits.wasmtime-internal-wit-bindgen]]
who = "Alex Crichton <alex@alexcrichton.com>"
criteria = "safe-to-deploy"
trusted-publisher = "github:bytecodealliance/wasmtime"
start = "2026-01-07"
end = "2027-01-08"
notes = "The Bytecode Alliance is the author of this crate"

[[audits.bytecode-alliance.wildcard-audits.wast]]
who = "Alex Crichton <alex@alexcrichton.com>"
criteria = "safe-to-deploy"
trusted-publisher = "github:bytecodealliance/wasm-tools"
start = "2025-08-14"
end = "2027-01-08"
notes = "The Bytecode Alliance is the author of this crate"

[[audits.bytecode-alliance.wildcard-audits.wat]]
who = "Alex Crichton <alex@alexcrichton.com>"
criteria = "safe-to-deploy"
trusted-publisher = "github:bytecodealliance/wasm-tools"
start = "2025-08-14"
end = "2027-01-08"
notes = "The Bytecode Alliance is the author of this crate"

[[audits.bytecode-alliance.wildcard-audits.wit-component]]
who = "Alex Crichton <alex@alexcrichton.com>"
criteria = "safe-to-deploy"
trusted-publisher = "github:bytecodealliance/wasm-tools"
start = "2025-08-14"
end = "2027-01-08"
notes = "The Bytecode Alliance is the author of this crate"

[[audits.bytecode-alliance.wildcard-audits.wit-parser]]
who = "Alex Crichton <alex@alexcrichton.com>"
criteria = "safe-to-deploy"
trusted-publisher = "github:bytecodealliance/wasm-tools"
start = "2025-08-14"
end = "2027-01-08"
notes = "The Bytecode Alliance is the author of this crate"

[audits.bytecode-alliance.audits]
